<?xml version="1.0" encoding="utf-8"?>
<Project ToolsVersion="4.0" xmlns="http://schemas.microsoft.com/developer/msbuild/2003">
  <ItemGroup>
    <Filter Include="Source Files">
      <UniqueIdentifier>{4FC737F1-C7A5-4376-A066-2A32D752A2FF}</UniqueIdentifier>
      <Extensions>cpp;c;cc;cxx;c++;cppm;ixx;def;odl;idl;hpj;bat;asm;asmx</Extensions>
    </Filter>
    <Filter Include="Header Files">
      <UniqueIdentifier>{93995380-89BD-4b04-88EB-625FBE52EBFB}</UniqueIdentifier>
      <Extensions>h;hh;hpp;hxx;h++;hm;inl;inc;ipp;xsd</Extensions>
    </Filter>
    <Filter Include="Resource Files">
      <UniqueIdentifier>{67DA6AB6-F800-4c08-8B7A-83BB121AAD01}</UniqueIdentifier>
      <Extensions>rc;ico;cur;bmp;dlg;rc2;rct;bin;rgs;gif;jpg;jpeg;jpe;resx;tiff;tif;png;wav;mfcribbon-ms</Extensions>
    </Filter>
  </ItemGroup>
  <ItemGroup>
    <ClCompile Include="src\ApplicationMain.cpp">
      <Filter>Source Files</Filter>
    </ClCompile>
    <ClCompile Include="src\StarWarsApplication.cpp">
      <Filter>Source Files</Filter>
    </ClCompile>
    <ClCompile Include="src\EntityManager\Entity.cpp">
      <Filter>Source Files</Filter>
    </ClCompile>
    <ClCompile Include="src\EntityManager\EntityManager.cpp">
      <Filter>Source Files</Filter>
    </ClCompile>
    <ClCompile Include="src\GameObject\GameObject.cpp">
      <Filter>Source Files</Filter>
    </ClCompile>
    <ClCompile Include="src\InputManager\InputManager.cpp">
      <Filter>Source Files</Filter>
    </ClCompile>
    <ClCompile Include="src\LuaManager\CommandManager\CommandGroup.cpp">
      <Filter>Source Files</Filter>
    </ClCompile>
    <ClCompile Include="src\LuaManager\CommandManager\CommandManager.cpp">
      <Filter>Source Files</Filter>
    </ClCompile>
    <ClCompile Include="src\LuaManager\Commands\CreateGameObject.cpp">
      <Filter>Source Files</Filter>
    </ClCompile>
    <ClCompile Include="src\LuaManager\Commands\FollowCurveWithTime.cpp">
      <Filter>Source Files</Filter>
    </ClCompile>
    <ClCompile Include="src\LuaManager\Commands\FollowObject.cpp">
      <Filter>Source Files</Filter>
    </ClCompile>
    <ClCompile Include="src\LuaManager\Commands\LookAt.cpp">
      <Filter>Source Files</Filter>
    </ClCompile>
    <ClCompile Include="src\LuaManager\Commands\MoveToPosWithTime.cpp">
      <Filter>Source Files</Filter>
    </ClCompile>
    <ClCompile Include="src\LuaManager\Commands\MoveWithSpeed.cpp">
      <Filter>Source Files</Filter>
    </ClCompile>
    <ClCompile Include="src\LuaManager\Commands\RotateWithTime.cpp">
      <Filter>Source Files</Filter>
    </ClCompile>
    <ClCompile Include="src\LuaManager\Commands\WaitForSeconds.cpp">
      <Filter>Source Files</Filter>
    </ClCompile>
    <ClCompile Include="src\LuaManager\LuaManager.cpp">
      <Filter>Source Files</Filter>
    </ClCompile>
    <ClCompile Include="src\LuaManager\LuaState.cpp">
      <Filter>Source Files</Filter>
    </ClCompile>
    <ClCompile Include="src\Utilities\BezierCurve\CubicBezierCurve.cpp">
      <Filter>Source Files</Filter>
    </ClCompile>
    <ClCompile Include="src\Utilities\RendererInstance.cpp">
      <Filter>Source Files</Filter>
    </ClCompile>
    <ClCompile Include="src\Falcon\Falcon.cpp">
      <Filter>Source Files</Filter>
    </ClCompile>
    <ClCompile Include="src\Camera\CameraObject.cpp">
      <Filter>Source Files</Filter>
    </ClCompile>
    <ClCompile Include="src\Asteroid\Asteroid.cpp">
      <Filter>Source Files</Filter>
    </ClCompile>
    <ClCompile Include="src\Asteroid\AsteroidFactory.cpp">
      <Filter>Source Files</Filter>
    </ClCompile>
    <ClCompile Include="src\Asteroid\AsteroidManager.cpp">
      <Filter>Source Files</Filter>
    </ClCompile>
    <ClCompile Include="src\LuaManager\Commands\ScaleWithTime.cpp">
      <Filter>Source Files</Filter>
    </ClCompile>
    <ClCompile Include="src\Fighters\Fighter.cpp">
      <Filter>Source Files</Filter>
    </ClCompile>
    <ClCompile Include="src\Fighters\FighterFactory.cpp">
      <Filter>Source Files</Filter>
    </ClCompile>
    <ClCompile Include="src\Fighters\FighterManager.cpp">
      <Filter>Source Files</Filter>
    </ClCompile>
  </ItemGroup>
  <ItemGroup>
    <ClInclude Include="src\StarWarsApplication.h">
      <Filter>Header Files</Filter>
    </ClInclude>
    <ClInclude Include="src\EntityManager\Entity.h">
      <Filter>Header Files</Filter>
    </ClInclude>
    <ClInclude Include="src\EntityManager\EntityManager.h">
      <Filter>Header Files</Filter>
    </ClInclude>
    <ClInclude Include="src\GameObject\GameObject.h">
      <Filter>Header Files</Filter>
    </ClInclude>
    <ClInclude Include="src\InputManager\iInputListener.h">
      <Filter>Header Files</Filter>
    </ClInclude>
    <ClInclude Include="src\InputManager\InputManager.h">
      <Filter>Header Files</Filter>
    </ClInclude>
    <ClInclude Include="src\LuaManager\CommandManager\BaseCommand.h">
      <Filter>Header Files</Filter>
    </ClInclude>
    <ClInclude Include="src\LuaManager\CommandManager\CommandGroup.h">
      <Filter>Header Files</Filter>
    </ClInclude>
    <ClInclude Include="src\LuaManager\CommandManager\CommandManager.h">
      <Filter>Header Files</Filter>
    </ClInclude>
    <ClInclude Include="src\LuaManager\CommandManager\EaseCommand.h">
      <Filter>Header Files</Filter>
    </ClInclude>
    <ClInclude Include="src\LuaManager\Commands\CreateGameObject.h">
      <Filter>Header Files</Filter>
    </ClInclude>
    <ClInclude Include="src\LuaManager\Commands\FollowCurveWithTime.h">
      <Filter>Header Files</Filter>
    </ClInclude>
    <ClInclude Include="src\LuaManager\Commands\FollowObject.h">
      <Filter>Header Files</Filter>
    </ClInclude>
    <ClInclude Include="src\LuaManager\Commands\LookAt.h">
      <Filter>Header Files</Filter>
    </ClInclude>
    <ClInclude Include="src\LuaManager\Commands\MoveToPosWithTime.h">
      <Filter>Header Files</Filter>
    </ClInclude>
    <ClInclude Include="src\LuaManager\Commands\MoveWithSpeed.h">
      <Filter>Header Files</Filter>
    </ClInclude>
    <ClInclude Include="src\LuaManager\Commands\RotateWithTime.h">
      <Filter>Header Files</Filter>
    </ClInclude>
    <ClInclude Include="src\LuaManager\Commands\WaitForSeconds.h">
      <Filter>Header Files</Filter>
    </ClInclude>
    <ClInclude Include="src\LuaManager\LuaBindingFunction.h">
      <Filter>Header Files</Filter>
    </ClInclude>
    <ClInclude Include="src\LuaManager\LuaManager.h">
      <Filter>Header Files</Filter>
    </ClInclude>
    <ClInclude Include="src\LuaManager\LuaState.h">
      <Filter>Header Files</Filter>
    </ClInclude>
    <ClInclude Include="src\Utilities\BezierCurve\CubicBezierCurve.h">
      <Filter>Header Files</Filter>
    </ClInclude>
    <ClInclude Include="src\Utilities\EasingHelper.h">
      <Filter>Header Files</Filter>
    </ClInclude>
    <ClInclude Include="src\Utilities\Lerp.h">
      <Filter>Header Files</Filter>
    </ClInclude>
    <ClInclude Include="src\Utilities\Random.h">
      <Filter>Header Files</Filter>
    </ClInclude>
    <ClInclude Include="src\Utilities\Remap.h">
      <Filter>Header Files</Filter>
    </ClInclude>
    <ClInclude Include="src\Utilities\RendererInstance.h">
      <Filter>Header Files</Filter>
    </ClInclude>
    <ClInclude Include="src\Falcon\Falcon.h">
      <Filter>Header Files</Filter>
    </ClInclude>
    <ClInclude Include="src\Camera\CameraObject.h">
      <Filter>Header Files</Filter>
    </ClInclude>
    <ClInclude Include="src\Asteroid\Asteroid.h">
      <Filter>Header Files</Filter>
    </ClInclude>
    <ClInclude Include="src\Asteroid\AsteroidFactory.h">
      <Filter>Header Files</Filter>
    </ClInclude>
    <ClInclude Include="src\Asteroid\AsteroidManager.h">
      <Filter>Header Files</Filter>
    </ClInclude>
    <ClInclude Include="src\LuaManager\Commands\ScaleWithTime.h">
      <Filter>Header Files</Filter>
    </ClInclude>
    <ClInclude Include="src\Fighters\Fighter.h">
      <Filter>Header Files</Filter>
    </ClInclude>
    <ClInclude Include="src\Fighters\FighterFactory.h">
      <Filter>Header Files</Filter>
    </ClInclude>
    <ClInclude Include="src\Fighters\FighterManager.h">
      <Filter>Header Files</Filter>
    </ClInclude>
  </ItemGroup>
</Project>